<Solution>
  <Project Path="PhotoManager.Application/PhotoManager.Application.csproj" />
  <Project Path="PhotoManager.Common/PhotoManager.Common.csproj" />
  <Project Path="PhotoManager.Domain/PhotoManager.Domain.csproj" />
  <Project Path="PhotoManager.Infrastructure/PhotoManager.Infrastructure.csproj" />
  <Project Path="PhotoManager.Tests/PhotoManager.Tests.csproj" />
  <Project Path="PhotoManager.UI/PhotoManager.UI.csproj" />
</Solution>
